
Microsoft Visual Studio Solution File, Format Version 12.00
# Visual Studio Version 17
VisualStudioVersion = 17.5.002.0
MinimumVisualStudioVersion = 10.0.40219.1
Project("{9A19103F-16F7-4668-BE54-9A1E7A4F7556}") = "Soma2Numeros", "Soma2Numeros.csproj", "{1E91E24A-EE3C-4E2F-BF2A-F2A33B0B43CD}"
EndProject
Global
	GlobalSection(SolutionConfigurationPlatforms) = preSolution
		Debug|Any CPU = Debug|Any CPU
		Release|Any CPU = Release|Any CPU
	EndGlobalSection
	GlobalSection(ProjectConfigurationPlatforms) = postSolution
		{1E91E24A-EE3C-4E2F-BF2A-F2A33B0B43CD}.Debug|Any CPU.ActiveCfg = Debug|Any CPU
		{1E91E24A-EE3C-4E2F-BF2A-F2A33B0B43CD}.Debug|Any CPU.Build.0 = Debug|Any CPU
		{1E91E24A-EE3C-4E2F-BF2A-F2A33B0B43CD}.Release|Any CPU.ActiveCfg = Release|Any CPU
		{1E91E24A-EE3C-4E2F-BF2A-F2A33B0B43CD}.Release|Any CPU.Build.0 = Release|Any CPU
	EndGlobalSection
	GlobalSection(SolutionProperties) = preSolution
		HideSolutionNode = FALSE
	EndGlobalSection
	GlobalSection(ExtensibilityGlobals) = postSolution
		SolutionGuid = {3E502A63-75A6-4114-8C5B-6603051242F5}
	EndGlobalSection
EndGlobal
